
Microsoft Visual Studio Solution File, Format Version 12.00
# Visual Studio Version 17
VisualStudioVersion = 17.2.32616.157
MinimumVisualStudioVersion = 10.0.40219.1
Project("{FAE04EC0-301F-11D3-BF4B-00C04F79EFBC}") = "HackerUServer", "HackerUServer\HackerUServer.csproj", "{3DC3611F-89B9-4293-8855-D39D4F692901}"
EndProject
Global
	GlobalSection(SolutionConfigurationPlatforms) = preSolution
		Debug|Any CPU = Debug|Any CPU
		Release|Any CPU = Release|Any CPU
	EndGlobalSection
	GlobalSection(ProjectConfigurationPlatforms) = postSolution
		{3DC3611F-89B9-4293-8855-D39D4F692901}.Debug|Any CPU.ActiveCfg = Debug|Any CPU
		{3DC3611F-89B9-4293-8855-D39D4F692901}.Debug|Any CPU.Build.0 = Debug|Any CPU
		{3DC3611F-89B9-4293-8855-D39D4F692901}.Release|Any CPU.ActiveCfg = Release|Any CPU
		{3DC3611F-89B9-4293-8855-D39D4F692901}.Release|Any CPU.Build.0 = Release|Any CPU
	EndGlobalSection
	GlobalSection(SolutionProperties) = preSolution
		HideSolutionNode = FALSE
	EndGlobalSection
	GlobalSection(ExtensibilityGlobals) = postSolution
		SolutionGuid = {DF103290-8DD0-4FB3-8ED2-F0FAC4ED9B21}
	EndGlobalSection
EndGlobal
